
Microsoft Visual Studio Solution File, Format Version 12.00
# Visual Studio Version 16
VisualStudioVersion = 16.0.29613.14
MinimumVisualStudioVersion = 10.0.40219.1
Project("{FAE04EC0-301F-11D3-BF4B-00C04F79EFBC}") = "GiveCMD", "GiveCMD.csproj", "{5FABD0B1-2A32-494A-9BA5-4EE206796288}"
EndProject
Global
	GlobalSection(SolutionConfigurationPlatforms) = preSolution
		Debug|Any CPU = Debug|Any CPU
		Release|Any CPU = Release|Any CPU
	EndGlobalSection
	GlobalSection(ProjectConfigurationPlatforms) = postSolution
		{5FABD0B1-2A32-494A-9BA5-4EE206796288}.Debug|Any CPU.ActiveCfg = Debug|Any CPU
		{5FABD0B1-2A32-494A-9BA5-4EE206796288}.Debug|Any CPU.Build.0 = Debug|Any CPU
		{5FABD0B1-2A32-494A-9BA5-4EE206796288}.Release|Any CPU.ActiveCfg = Release|Any CPU
		{5FABD0B1-2A32-494A-9BA5-4EE206796288}.Release|Any CPU.Build.0 = Release|Any CPU
	EndGlobalSection
	GlobalSection(SolutionProperties) = preSolution
		HideSolutionNode = FALSE
	EndGlobalSection
	GlobalSection(ExtensibilityGlobals) = postSolution
		SolutionGuid = {4CACF9D3-51E2-4F6A-AA80-5750DB94174A}
	EndGlobalSection
EndGlobal
